
Microsoft Visual Studio Solution File, Format Version 12.00
# Visual Studio Version 16
VisualStudioVersion = 16.0.29613.14
MinimumVisualStudioVersion = 10.0.40219.1
Project("{FAE04EC0-301F-11D3-BF4B-00C04F79EFBC}") = "iEmoji", "iEmoji\iEmoji.csproj", "{57D93F6A-1EBD-4D35-BA1E-6797C06FEDBB}"
EndProject
Global
	GlobalSection(SolutionConfigurationPlatforms) = preSolution
		Debug|Any CPU = Debug|Any CPU
		Release|Any CPU = Release|Any CPU
	EndGlobalSection
	GlobalSection(ProjectConfigurationPlatforms) = postSolution
		{57D93F6A-1EBD-4D35-BA1E-6797C06FEDBB}.Debug|Any CPU.ActiveCfg = Debug|Any CPU
		{57D93F6A-1EBD-4D35-BA1E-6797C06FEDBB}.Debug|Any CPU.Build.0 = Debug|Any CPU
		{57D93F6A-1EBD-4D35-BA1E-6797C06FEDBB}.Release|Any CPU.ActiveCfg = Release|Any CPU
		{57D93F6A-1EBD-4D35-BA1E-6797C06FEDBB}.Release|Any CPU.Build.0 = Release|Any CPU
	EndGlobalSection
	GlobalSection(SolutionProperties) = preSolution
		HideSolutionNode = FALSE
	EndGlobalSection
	GlobalSection(ExtensibilityGlobals) = postSolution
		SolutionGuid = {3A32EC50-34F8-43C9-9521-06BABA63EE2D}
	EndGlobalSection
EndGlobal
